
Microsoft Visual Studio Solution File, Format Version 12.00
# Visual Studio Version 16
VisualStudioVersion = 16.0.810.21
MinimumVisualStudioVersion = 10.0.40219.1
Project("{FAE04EC0-301F-11D3-BF4B-00C04F79EFBC}") = "NinjaHeaven", "NinjaHeaven\NinjaHeaven.csproj", "{B10605E9-FA1C-47D5-A63C-DA83EB82DB12}"
EndProject
Global
	GlobalSection(SolutionConfigurationPlatforms) = preSolution
		Debug|Any CPU = Debug|Any CPU
		Release|Any CPU = Release|Any CPU
	EndGlobalSection
	GlobalSection(ProjectConfigurationPlatforms) = postSolution
		{B10605E9-FA1C-47D5-A63C-DA83EB82DB12}.Debug|Any CPU.ActiveCfg = Debug|Any CPU
		{B10605E9-FA1C-47D5-A63C-DA83EB82DB12}.Debug|Any CPU.Build.0 = Debug|Any CPU
		{B10605E9-FA1C-47D5-A63C-DA83EB82DB12}.Release|Any CPU.ActiveCfg = Release|Any CPU
		{B10605E9-FA1C-47D5-A63C-DA83EB82DB12}.Release|Any CPU.Build.0 = Release|Any CPU
	EndGlobalSection
	GlobalSection(SolutionProperties) = preSolution
		HideSolutionNode = FALSE
	EndGlobalSection
	GlobalSection(ExtensibilityGlobals) = postSolution
		SolutionGuid = {2C45A1EA-C0DD-47F1-A32E-223DD059BEDC}
	EndGlobalSection
EndGlobal
